
Microsoft Visual Studio Solution File, Format Version 12.00
# Visual Studio Version 16
VisualStudioVersion = 16.0.28803.202
MinimumVisualStudioVersion = 10.0.40219.1
Project("{FAE04EC0-301F-11D3-BF4B-00C04F79EFBC}") = "BakersPercentageApp", "BakersPercentageApp\BakersPercentageApp.csproj", "{C0888E6D-014D-4A6A-9068-05897AA91401}"
EndProject
Global
	GlobalSection(SolutionConfigurationPlatforms) = preSolution
		Debug|Any CPU = Debug|Any CPU
		Release|Any CPU = Release|Any CPU
	EndGlobalSection
	GlobalSection(ProjectConfigurationPlatforms) = postSolution
		{C0888E6D-014D-4A6A-9068-05897AA91401}.Debug|Any CPU.ActiveCfg = Debug|Any CPU
		{C0888E6D-014D-4A6A-9068-05897AA91401}.Debug|Any CPU.Build.0 = Debug|Any CPU
		{C0888E6D-014D-4A6A-9068-05897AA91401}.Release|Any CPU.ActiveCfg = Release|Any CPU
		{C0888E6D-014D-4A6A-9068-05897AA91401}.Release|Any CPU.Build.0 = Release|Any CPU
	EndGlobalSection
	GlobalSection(SolutionProperties) = preSolution
		HideSolutionNode = FALSE
	EndGlobalSection
	GlobalSection(ExtensibilityGlobals) = postSolution
		SolutionGuid = {C65773E4-4EE2-46CA-B7C9-C2D95335A8B7}
	EndGlobalSection
EndGlobal
